{
  "name": "forex",
  "version": "0.1.0",
  "lockfileVersion": 1,
  "requires": true,
  "dependencies": {
    "cells-app-template": {
      "version": "3.0.2",
      "resolved": "https://globaldevtools.bbva.com:443/artifactory/api/npm/npm-repo/cells-app-template/-/cells-app-template-3.0.2.tgz",
      "integrity": "sha1-AbJgzb1Uu9+p1rAbWZ3wqziz+fU="
    }
  }
}
